
Microsoft Visual Studio Solution File, Format Version 12.00
# Visual Studio Version 17
VisualStudioVersion = 17.9.34701.34
MinimumVisualStudioVersion = 10.0.40219.1
Project("{FAE04EC0-301F-11D3-BF4B-00C04F79EFBC}") = "API.FurnitureStore.API", "API.FurnitureStore.API\API.FurnitureStore.API.csproj", "{CA36F971-B52E-4DD7-BB08-AC273DE55CEC}"
EndProject
Project("{FAE04EC0-301F-11D3-BF4B-00C04F79EFBC}") = "API.FurnitureStore.Shared", "API.FurnitureStore.Shared\API.FurnitureStore.Shared.csproj", "{212E0FFE-500A-4C8E-BC32-7BBF9C61BB16}"
EndProject
Project("{FAE04EC0-301F-11D3-BF4B-00C04F79EFBC}") = "API.FurnitureStore.Data", "API.FurnitureStore.Data\API.FurnitureStore.Data.csproj", "{36142726-4E7B-4D9A-90FE-1667A362518A}"
EndProject
Global
	GlobalSection(SolutionConfigurationPlatforms) = preSolution
		Debug|Any CPU = Debug|Any CPU
		Release|Any CPU = Release|Any CPU
	EndGlobalSection
	GlobalSection(ProjectConfigurationPlatforms) = postSolution
		{CA36F971-B52E-4DD7-BB08-AC273DE55CEC}.Debug|Any CPU.ActiveCfg = Debug|Any CPU
		{CA36F971-B52E-4DD7-BB08-AC273DE55CEC}.Debug|Any CPU.Build.0 = Debug|Any CPU
		{CA36F971-B52E-4DD7-BB08-AC273DE55CEC}.Release|Any CPU.ActiveCfg = Release|Any CPU
		{CA36F971-B52E-4DD7-BB08-AC273DE55CEC}.Release|Any CPU.Build.0 = Release|Any CPU
		{212E0FFE-500A-4C8E-BC32-7BBF9C61BB16}.Debug|Any CPU.ActiveCfg = Debug|Any CPU
		{212E0FFE-500A-4C8E-BC32-7BBF9C61BB16}.Debug|Any CPU.Build.0 = Debug|Any CPU
		{212E0FFE-500A-4C8E-BC32-7BBF9C61BB16}.Release|Any CPU.ActiveCfg = Release|Any CPU
		{212E0FFE-500A-4C8E-BC32-7BBF9C61BB16}.Release|Any CPU.Build.0 = Release|Any CPU
		{36142726-4E7B-4D9A-90FE-1667A362518A}.Debug|Any CPU.ActiveCfg = Debug|Any CPU
		{36142726-4E7B-4D9A-90FE-1667A362518A}.Debug|Any CPU.Build.0 = Debug|Any CPU
		{36142726-4E7B-4D9A-90FE-1667A362518A}.Release|Any CPU.ActiveCfg = Release|Any CPU
		{36142726-4E7B-4D9A-90FE-1667A362518A}.Release|Any CPU.Build.0 = Release|Any CPU
	EndGlobalSection
	GlobalSection(SolutionProperties) = preSolution
		HideSolutionNode = FALSE
	EndGlobalSection
	GlobalSection(ExtensibilityGlobals) = postSolution
		SolutionGuid = {718961AB-CD70-4655-9206-51452F4A7A9E}
	EndGlobalSection
EndGlobal
